
Microsoft Visual Studio Solution File, Format Version 12.00
# Visual Studio Version 17
VisualStudioVersion = 17.3.32811.315
MinimumVisualStudioVersion = 10.0.40219.1
Project("{FAE04EC0-301F-11D3-BF4B-00C04F79EFBC}") = "19aug", "19aug\19aug.csproj", "{84478328-1FBF-441E-8B8C-B230A5C7BC8B}"
EndProject
Global
	GlobalSection(SolutionConfigurationPlatforms) = preSolution
		Debug|Any CPU = Debug|Any CPU
		Release|Any CPU = Release|Any CPU
	EndGlobalSection
	GlobalSection(ProjectConfigurationPlatforms) = postSolution
		{84478328-1FBF-441E-8B8C-B230A5C7BC8B}.Debug|Any CPU.ActiveCfg = Debug|Any CPU
		{84478328-1FBF-441E-8B8C-B230A5C7BC8B}.Debug|Any CPU.Build.0 = Debug|Any CPU
		{84478328-1FBF-441E-8B8C-B230A5C7BC8B}.Release|Any CPU.ActiveCfg = Release|Any CPU
		{84478328-1FBF-441E-8B8C-B230A5C7BC8B}.Release|Any CPU.Build.0 = Release|Any CPU
	EndGlobalSection
	GlobalSection(SolutionProperties) = preSolution
		HideSolutionNode = FALSE
	EndGlobalSection
	GlobalSection(ExtensibilityGlobals) = postSolution
		SolutionGuid = {1759FD6F-801E-4C71-9D7A-3CA2BC0546E6}
	EndGlobalSection
EndGlobal
